
Microsoft Visual Studio Solution File, Format Version 12.00
# Visual Studio 15
VisualStudioVersion = 15.0.28010.2048
MinimumVisualStudioVersion = 10.0.40219.1
Project("{FAE04EC0-301F-11D3-BF4B-00C04F79EFBC}") = "IgnoranceTransport", "IgnoranceTransport.csproj", "{BEA86D8F-E369-4A50-B77C-AD7C7EDCF40F}"
EndProject
Global
	GlobalSection(SolutionConfigurationPlatforms) = preSolution
		Debug|Any CPU = Debug|Any CPU
		Release|Any CPU = Release|Any CPU
	EndGlobalSection
	GlobalSection(ProjectConfigurationPlatforms) = postSolution
		{BEA86D8F-E369-4A50-B77C-AD7C7EDCF40F}.Debug|Any CPU.ActiveCfg = Debug|Any CPU
		{BEA86D8F-E369-4A50-B77C-AD7C7EDCF40F}.Debug|Any CPU.Build.0 = Debug|Any CPU
		{BEA86D8F-E369-4A50-B77C-AD7C7EDCF40F}.Release|Any CPU.ActiveCfg = Release|Any CPU
		{BEA86D8F-E369-4A50-B77C-AD7C7EDCF40F}.Release|Any CPU.Build.0 = Release|Any CPU
	EndGlobalSection
	GlobalSection(SolutionProperties) = preSolution
		HideSolutionNode = FALSE
	EndGlobalSection
	GlobalSection(ExtensibilityGlobals) = postSolution
		SolutionGuid = {D5424B91-CB15-48CF-9A06-CD22F9B3E2B4}
	EndGlobalSection
EndGlobal
